
Microsoft Visual Studio Solution File, Format Version 12.00
# Visual Studio Version 17
VisualStudioVersion = 17.8.34330.188
MinimumVisualStudioVersion = 10.0.40219.1
Project("{FAE04EC0-301F-11D3-BF4B-00C04F79EFBC}") = "CodeChallenge", "CodeChallenge\CodeChallenge.csproj", "{AC321E13-5A69-4871-B56F-E18A7DB06A8F}"
EndProject
Global
	GlobalSection(SolutionConfigurationPlatforms) = preSolution
		Debug|Any CPU = Debug|Any CPU
		Release|Any CPU = Release|Any CPU
	EndGlobalSection
	GlobalSection(ProjectConfigurationPlatforms) = postSolution
		{AC321E13-5A69-4871-B56F-E18A7DB06A8F}.Debug|Any CPU.ActiveCfg = Debug|Any CPU
		{AC321E13-5A69-4871-B56F-E18A7DB06A8F}.Debug|Any CPU.Build.0 = Debug|Any CPU
		{AC321E13-5A69-4871-B56F-E18A7DB06A8F}.Release|Any CPU.ActiveCfg = Release|Any CPU
		{AC321E13-5A69-4871-B56F-E18A7DB06A8F}.Release|Any CPU.Build.0 = Release|Any CPU
	EndGlobalSection
	GlobalSection(SolutionProperties) = preSolution
		HideSolutionNode = FALSE
	EndGlobalSection
	GlobalSection(ExtensibilityGlobals) = postSolution
		SolutionGuid = {12CC4992-B450-4795-9EDA-B22CD4C8EA03}
	EndGlobalSection
EndGlobal
